
Microsoft Visual Studio Solution File, Format Version 12.00
# Visual Studio Version 17
VisualStudioVersion = 17.0.31903.59
MinimumVisualStudioVersion = 10.0.40219.1
Project("{FAE04EC0-301F-11D3-BF4B-00C04F79EFBC}") = "pointer.Core", "pointer.Core\pointer.Core.csproj", "{06B3D5F2-80B3-4AB5-8ADD-44528A4E1886}"
EndProject
Project("{FAE04EC0-301F-11D3-BF4B-00C04F79EFBC}") = "pointer.Cli", "pointer.Cli\pointer.Cli.csproj", "{9C2F3FDC-4B49-4679-A075-64ACCB12BFA0}"
EndProject
Global
	GlobalSection(SolutionConfigurationPlatforms) = preSolution
		Debug|Any CPU = Debug|Any CPU
		Debug|x64 = Debug|x64
		Debug|x86 = Debug|x86
		Release|Any CPU = Release|Any CPU
		Release|x64 = Release|x64
		Release|x86 = Release|x86
	EndGlobalSection
	GlobalSection(ProjectConfigurationPlatforms) = postSolution
		{06B3D5F2-80B3-4AB5-8ADD-44528A4E1886}.Debug|Any CPU.ActiveCfg = Debug|Any CPU
		{06B3D5F2-80B3-4AB5-8ADD-44528A4E1886}.Debug|Any CPU.Build.0 = Debug|Any CPU
		{06B3D5F2-80B3-4AB5-8ADD-44528A4E1886}.Debug|x64.ActiveCfg = Debug|Any CPU
		{06B3D5F2-80B3-4AB5-8ADD-44528A4E1886}.Debug|x64.Build.0 = Debug|Any CPU
		{06B3D5F2-80B3-4AB5-8ADD-44528A4E1886}.Debug|x86.ActiveCfg = Debug|Any CPU
		{06B3D5F2-80B3-4AB5-8ADD-44528A4E1886}.Debug|x86.Build.0 = Debug|Any CPU
		{06B3D5F2-80B3-4AB5-8ADD-44528A4E1886}.Release|Any CPU.ActiveCfg = Release|Any CPU
		{06B3D5F2-80B3-4AB5-8ADD-44528A4E1886}.Release|Any CPU.Build.0 = Release|Any CPU
		{06B3D5F2-80B3-4AB5-8ADD-44528A4E1886}.Release|x64.ActiveCfg = Release|Any CPU
		{06B3D5F2-80B3-4AB5-8ADD-44528A4E1886}.Release|x64.Build.0 = Release|Any CPU
		{06B3D5F2-80B3-4AB5-8ADD-44528A4E1886}.Release|x86.ActiveCfg = Release|Any CPU
		{06B3D5F2-80B3-4AB5-8ADD-44528A4E1886}.Release|x86.Build.0 = Release|Any CPU
		{9C2F3FDC-4B49-4679-A075-64ACCB12BFA0}.Debug|Any CPU.ActiveCfg = Debug|Any CPU
		{9C2F3FDC-4B49-4679-A075-64ACCB12BFA0}.Debug|Any CPU.Build.0 = Debug|Any CPU
		{9C2F3FDC-4B49-4679-A075-64ACCB12BFA0}.Debug|x64.ActiveCfg = Debug|Any CPU
		{9C2F3FDC-4B49-4679-A075-64ACCB12BFA0}.Debug|x64.Build.0 = Debug|Any CPU
		{9C2F3FDC-4B49-4679-A075-64ACCB12BFA0}.Debug|x86.ActiveCfg = Debug|Any CPU
		{9C2F3FDC-4B49-4679-A075-64ACCB12BFA0}.Debug|x86.Build.0 = Debug|Any CPU
		{9C2F3FDC-4B49-4679-A075-64ACCB12BFA0}.Release|Any CPU.ActiveCfg = Release|Any CPU
		{9C2F3FDC-4B49-4679-A075-64ACCB12BFA0}.Release|Any CPU.Build.0 = Release|Any CPU
		{9C2F3FDC-4B49-4679-A075-64ACCB12BFA0}.Release|x64.ActiveCfg = Release|Any CPU
		{9C2F3FDC-4B49-4679-A075-64ACCB12BFA0}.Release|x64.Build.0 = Release|Any CPU
		{9C2F3FDC-4B49-4679-A075-64ACCB12BFA0}.Release|x86.ActiveCfg = Release|Any CPU
		{9C2F3FDC-4B49-4679-A075-64ACCB12BFA0}.Release|x86.Build.0 = Release|Any CPU
	EndGlobalSection
	GlobalSection(SolutionProperties) = preSolution
		HideSolutionNode = FALSE
	EndGlobalSection
EndGlobal
